
Microsoft Visual Studio Solution File, Format Version 12.00
# Visual Studio Version 17
VisualStudioVersion = 17.4.33213.308
MinimumVisualStudioVersion = 10.0.40219.1
Project("{FAE04EC0-301F-11D3-BF4B-00C04F79EFBC}") = "6.02.2023", "6.02.2023\6.02.2023.csproj", "{44648562-A673-4780-BDA1-6A50031BD5BF}"
EndProject
Project("{FAE04EC0-301F-11D3-BF4B-00C04F79EFBC}") = "ÇalışmaPersonellist", "ÇalışmaPersonellist\ÇalışmaPersonellist.csproj", "{2620C3CF-636E-45D8-8904-81DB688569D4}"
EndProject
Global
	GlobalSection(SolutionConfigurationPlatforms) = preSolution
		Debug|Any CPU = Debug|Any CPU
		Release|Any CPU = Release|Any CPU
	EndGlobalSection
	GlobalSection(ProjectConfigurationPlatforms) = postSolution
		{44648562-A673-4780-BDA1-6A50031BD5BF}.Debug|Any CPU.ActiveCfg = Debug|Any CPU
		{44648562-A673-4780-BDA1-6A50031BD5BF}.Debug|Any CPU.Build.0 = Debug|Any CPU
		{44648562-A673-4780-BDA1-6A50031BD5BF}.Release|Any CPU.ActiveCfg = Release|Any CPU
		{44648562-A673-4780-BDA1-6A50031BD5BF}.Release|Any CPU.Build.0 = Release|Any CPU
		{2620C3CF-636E-45D8-8904-81DB688569D4}.Debug|Any CPU.ActiveCfg = Debug|Any CPU
		{2620C3CF-636E-45D8-8904-81DB688569D4}.Debug|Any CPU.Build.0 = Debug|Any CPU
		{2620C3CF-636E-45D8-8904-81DB688569D4}.Release|Any CPU.ActiveCfg = Release|Any CPU
		{2620C3CF-636E-45D8-8904-81DB688569D4}.Release|Any CPU.Build.0 = Release|Any CPU
	EndGlobalSection
	GlobalSection(SolutionProperties) = preSolution
		HideSolutionNode = FALSE
	EndGlobalSection
	GlobalSection(ExtensibilityGlobals) = postSolution
		SolutionGuid = {9F46B8AF-1D94-4F37-8727-2F8DB3AE7542}
	EndGlobalSection
EndGlobal
